
Microsoft Visual Studio Solution File, Format Version 12.00
# Visual Studio 15
VisualStudioVersion = 15.0.28307.168
MinimumVisualStudioVersion = 10.0.40219.1
Project("{FAE04EC0-301F-11D3-BF4B-00C04F79EFBC}") = "MConfig", "MConfig\MConfig.csproj", "{C48BC88D-AEF2-4B65-9EC8-435AA0F52843}"
EndProject
Project("{FAE04EC0-301F-11D3-BF4B-00C04F79EFBC}") = "MConfigTests", "MConfigTests\MConfigTests.csproj", "{6F8A3A1C-47D6-4B44-8073-CC5664426D6B}"
EndProject
Project("{FAE04EC0-301F-11D3-BF4B-00C04F79EFBC}") = "MConfigDemo", "MConfigDemo\MConfigDemo.csproj", "{08B2F495-BE01-4D45-A37F-243469831E9E}"
EndProject
Global
	GlobalSection(SolutionConfigurationPlatforms) = preSolution
		Debug|Any CPU = Debug|Any CPU
		Release|Any CPU = Release|Any CPU
	EndGlobalSection
	GlobalSection(ProjectConfigurationPlatforms) = postSolution
		{C48BC88D-AEF2-4B65-9EC8-435AA0F52843}.Debug|Any CPU.ActiveCfg = Debug|Any CPU
		{C48BC88D-AEF2-4B65-9EC8-435AA0F52843}.Debug|Any CPU.Build.0 = Debug|Any CPU
		{C48BC88D-AEF2-4B65-9EC8-435AA0F52843}.Release|Any CPU.ActiveCfg = Release|Any CPU
		{C48BC88D-AEF2-4B65-9EC8-435AA0F52843}.Release|Any CPU.Build.0 = Release|Any CPU
		{6F8A3A1C-47D6-4B44-8073-CC5664426D6B}.Debug|Any CPU.ActiveCfg = Debug|Any CPU
		{6F8A3A1C-47D6-4B44-8073-CC5664426D6B}.Debug|Any CPU.Build.0 = Debug|Any CPU
		{6F8A3A1C-47D6-4B44-8073-CC5664426D6B}.Release|Any CPU.ActiveCfg = Release|Any CPU
		{6F8A3A1C-47D6-4B44-8073-CC5664426D6B}.Release|Any CPU.Build.0 = Release|Any CPU
		{08B2F495-BE01-4D45-A37F-243469831E9E}.Debug|Any CPU.ActiveCfg = Debug|Any CPU
		{08B2F495-BE01-4D45-A37F-243469831E9E}.Debug|Any CPU.Build.0 = Debug|Any CPU
		{08B2F495-BE01-4D45-A37F-243469831E9E}.Release|Any CPU.ActiveCfg = Release|Any CPU
		{08B2F495-BE01-4D45-A37F-243469831E9E}.Release|Any CPU.Build.0 = Release|Any CPU
	EndGlobalSection
	GlobalSection(SolutionProperties) = preSolution
		HideSolutionNode = FALSE
	EndGlobalSection
	GlobalSection(ExtensibilityGlobals) = postSolution
		SolutionGuid = {0B3FCD82-E4AC-41FF-BC3C-E1B5A76C3965}
	EndGlobalSection
EndGlobal
